
Microsoft Visual Studio Solution File, Format Version 12.00
# Visual Studio 15
VisualStudioVersion = 15.0.28307.271
MinimumVisualStudioVersion = 10.0.40219.1
Project("{2150E333-8FDC-42A3-9474-1A3956D46DE8}") = "Database", "Database", "{D48DC3CB-62F7-42D6-A8D9-3DE033680368}"
EndProject
Project("{2150E333-8FDC-42A3-9474-1A3956D46DE8}") = "Entities", "Entities", "{2B96083F-D003-460E-BDA1-463F2C4A866F}"
EndProject
Project("{2150E333-8FDC-42A3-9474-1A3956D46DE8}") = "DataAccess", "DataAccess", "{375758AC-B394-4045-8417-26F8272CE4B3}"
EndProject
Project("{2150E333-8FDC-42A3-9474-1A3956D46DE8}") = "BusinessLogic", "BusinessLogic", "{8917798E-C00A-4F59-9593-E12B3B233753}"
EndProject
Project("{2150E333-8FDC-42A3-9474-1A3956D46DE8}") = "Services", "Services", "{9771952E-BF10-4B5C-A005-E626E539F65D}"
EndProject
Project("{2150E333-8FDC-42A3-9474-1A3956D46DE8}") = "Web", "Web", "{82BC8EFB-0417-4B8D-8074-C216E1ED002F}"
EndProject
Project("{00D1A9C2-B5F0-4AF3-8072-F6C62B433612}") = "DummyQuizManager", "Database\DummyQuizManager\DummyQuizManager.sqlproj", "{C96E7C2F-0807-44F9-AFCC-E59A2AFC1AB2}"
EndProject
Project("{FAE04EC0-301F-11D3-BF4B-00C04F79EFBC}") = "Entities", "Entities\Entities\Entities.csproj", "{D2D9D180-C1EF-4559-A77B-E6EBA04C8788}"
EndProject
Project("{FAE04EC0-301F-11D3-BF4B-00C04F79EFBC}") = "DummyQuizManager.Dal", "DataAccess\DummyQuizManager.Dal\DummyQuizManager.Dal.csproj", "{80DA6CDF-9A40-44A5-8718-47F3C38F682E}"
EndProject
Project("{FAE04EC0-301F-11D3-BF4B-00C04F79EFBC}") = "DummyQuizManager.Dal.Interface", "DummyQuizManager.Dal.Interface\DummyQuizManager.Dal.Interface.csproj", "{BFED3593-FA70-4E5B-9B14-6A2757630103}"
EndProject
Global
	GlobalSection(SolutionConfigurationPlatforms) = preSolution
		Debug|Any CPU = Debug|Any CPU
		Release|Any CPU = Release|Any CPU
	EndGlobalSection
	GlobalSection(ProjectConfigurationPlatforms) = postSolution
		{C96E7C2F-0807-44F9-AFCC-E59A2AFC1AB2}.Debug|Any CPU.ActiveCfg = Debug|Any CPU
		{C96E7C2F-0807-44F9-AFCC-E59A2AFC1AB2}.Debug|Any CPU.Build.0 = Debug|Any CPU
		{C96E7C2F-0807-44F9-AFCC-E59A2AFC1AB2}.Debug|Any CPU.Deploy.0 = Debug|Any CPU
		{C96E7C2F-0807-44F9-AFCC-E59A2AFC1AB2}.Release|Any CPU.ActiveCfg = Release|Any CPU
		{C96E7C2F-0807-44F9-AFCC-E59A2AFC1AB2}.Release|Any CPU.Build.0 = Release|Any CPU
		{C96E7C2F-0807-44F9-AFCC-E59A2AFC1AB2}.Release|Any CPU.Deploy.0 = Release|Any CPU
		{D2D9D180-C1EF-4559-A77B-E6EBA04C8788}.Debug|Any CPU.ActiveCfg = Debug|Any CPU
		{D2D9D180-C1EF-4559-A77B-E6EBA04C8788}.Debug|Any CPU.Build.0 = Debug|Any CPU
		{D2D9D180-C1EF-4559-A77B-E6EBA04C8788}.Release|Any CPU.ActiveCfg = Release|Any CPU
		{D2D9D180-C1EF-4559-A77B-E6EBA04C8788}.Release|Any CPU.Build.0 = Release|Any CPU
		{80DA6CDF-9A40-44A5-8718-47F3C38F682E}.Debug|Any CPU.ActiveCfg = Debug|Any CPU
		{80DA6CDF-9A40-44A5-8718-47F3C38F682E}.Debug|Any CPU.Build.0 = Debug|Any CPU
		{80DA6CDF-9A40-44A5-8718-47F3C38F682E}.Release|Any CPU.ActiveCfg = Release|Any CPU
		{80DA6CDF-9A40-44A5-8718-47F3C38F682E}.Release|Any CPU.Build.0 = Release|Any CPU
		{BFED3593-FA70-4E5B-9B14-6A2757630103}.Debug|Any CPU.ActiveCfg = Debug|Any CPU
		{BFED3593-FA70-4E5B-9B14-6A2757630103}.Debug|Any CPU.Build.0 = Debug|Any CPU
		{BFED3593-FA70-4E5B-9B14-6A2757630103}.Release|Any CPU.ActiveCfg = Release|Any CPU
		{BFED3593-FA70-4E5B-9B14-6A2757630103}.Release|Any CPU.Build.0 = Release|Any CPU
	EndGlobalSection
	GlobalSection(SolutionProperties) = preSolution
		HideSolutionNode = FALSE
	EndGlobalSection
	GlobalSection(NestedProjects) = preSolution
		{C96E7C2F-0807-44F9-AFCC-E59A2AFC1AB2} = {D48DC3CB-62F7-42D6-A8D9-3DE033680368}
		{D2D9D180-C1EF-4559-A77B-E6EBA04C8788} = {2B96083F-D003-460E-BDA1-463F2C4A866F}
		{80DA6CDF-9A40-44A5-8718-47F3C38F682E} = {375758AC-B394-4045-8417-26F8272CE4B3}
		{BFED3593-FA70-4E5B-9B14-6A2757630103} = {375758AC-B394-4045-8417-26F8272CE4B3}
	EndGlobalSection
	GlobalSection(ExtensibilityGlobals) = postSolution
		SolutionGuid = {58F6FCC8-31C6-472B-A174-2939C084500F}
	EndGlobalSection
EndGlobal
